
Microsoft Visual Studio Solution File, Format Version 12.00
# Visual Studio Version 17
VisualStudioVersion = 17.14.36518.9 d17.14
MinimumVisualStudioVersion = 10.0.40219.1
Project("{FAE04EC0-301F-11D3-BF4B-00C04F79EFBC}") = "User_Auth", "User_Auth\User_Auth.csproj", "{BD880F9A-482B-447B-B64A-972A5B581A84}"
EndProject
Global
	GlobalSection(SolutionConfigurationPlatforms) = preSolution
		Debug|Any CPU = Debug|Any CPU
		Release|Any CPU = Release|Any CPU
	EndGlobalSection
	GlobalSection(ProjectConfigurationPlatforms) = postSolution
		{BD880F9A-482B-447B-B64A-972A5B581A84}.Debug|Any CPU.ActiveCfg = Debug|Any CPU
		{BD880F9A-482B-447B-B64A-972A5B581A84}.Debug|Any CPU.Build.0 = Debug|Any CPU
		{BD880F9A-482B-447B-B64A-972A5B581A84}.Release|Any CPU.ActiveCfg = Release|Any CPU
		{BD880F9A-482B-447B-B64A-972A5B581A84}.Release|Any CPU.Build.0 = Release|Any CPU
	EndGlobalSection
	GlobalSection(SolutionProperties) = preSolution
		HideSolutionNode = FALSE
	EndGlobalSection
	GlobalSection(ExtensibilityGlobals) = postSolution
		SolutionGuid = {EF3308C8-BE9E-40ED-8EC4-5083D18C9126}
	EndGlobalSection
EndGlobal
